
Microsoft Visual Studio Solution File, Format Version 12.00
# Visual Studio 15
VisualStudioVersion = 15.0.26124.0
MinimumVisualStudioVersion = 15.0.26124.0
Project("{9A19103F-16F7-4668-BE54-9A1E7A4F7556}") = "AspNetCore.KeyVault", "AspNetCore.KeyVault\AspNetCore.KeyVault.csproj", "{28F246FF-EF3F-4C5C-AD5D-97478E67290F}"
EndProject
Project("{FAE04EC0-301F-11D3-BF4B-00C04F79EFBC}") = "Demo", "Demo\Demo.csproj", "{F5CCECF0-9CB8-4AC2-B1C3-8B8F2C679B62}"
EndProject
Global
	GlobalSection(SolutionConfigurationPlatforms) = preSolution
		Debug|Any CPU = Debug|Any CPU
		Debug|x64 = Debug|x64
		Debug|x86 = Debug|x86
		Release|Any CPU = Release|Any CPU
		Release|x64 = Release|x64
		Release|x86 = Release|x86
	EndGlobalSection
	GlobalSection(ProjectConfigurationPlatforms) = postSolution
		{28F246FF-EF3F-4C5C-AD5D-97478E67290F}.Debug|Any CPU.ActiveCfg = Debug|Any CPU
		{28F246FF-EF3F-4C5C-AD5D-97478E67290F}.Debug|Any CPU.Build.0 = Debug|Any CPU
		{28F246FF-EF3F-4C5C-AD5D-97478E67290F}.Debug|x64.ActiveCfg = Debug|Any CPU
		{28F246FF-EF3F-4C5C-AD5D-97478E67290F}.Debug|x64.Build.0 = Debug|Any CPU
		{28F246FF-EF3F-4C5C-AD5D-97478E67290F}.Debug|x86.ActiveCfg = Debug|Any CPU
		{28F246FF-EF3F-4C5C-AD5D-97478E67290F}.Debug|x86.Build.0 = Debug|Any CPU
		{28F246FF-EF3F-4C5C-AD5D-97478E67290F}.Release|Any CPU.ActiveCfg = Release|Any CPU
		{28F246FF-EF3F-4C5C-AD5D-97478E67290F}.Release|Any CPU.Build.0 = Release|Any CPU
		{28F246FF-EF3F-4C5C-AD5D-97478E67290F}.Release|x64.ActiveCfg = Release|Any CPU
		{28F246FF-EF3F-4C5C-AD5D-97478E67290F}.Release|x64.Build.0 = Release|Any CPU
		{28F246FF-EF3F-4C5C-AD5D-97478E67290F}.Release|x86.ActiveCfg = Release|Any CPU
		{28F246FF-EF3F-4C5C-AD5D-97478E67290F}.Release|x86.Build.0 = Release|Any CPU
		{F5CCECF0-9CB8-4AC2-B1C3-8B8F2C679B62}.Debug|Any CPU.ActiveCfg = Debug|Any CPU
		{F5CCECF0-9CB8-4AC2-B1C3-8B8F2C679B62}.Debug|Any CPU.Build.0 = Debug|Any CPU
		{F5CCECF0-9CB8-4AC2-B1C3-8B8F2C679B62}.Debug|x64.ActiveCfg = Debug|Any CPU
		{F5CCECF0-9CB8-4AC2-B1C3-8B8F2C679B62}.Debug|x64.Build.0 = Debug|Any CPU
		{F5CCECF0-9CB8-4AC2-B1C3-8B8F2C679B62}.Debug|x86.ActiveCfg = Debug|Any CPU
		{F5CCECF0-9CB8-4AC2-B1C3-8B8F2C679B62}.Debug|x86.Build.0 = Debug|Any CPU
		{F5CCECF0-9CB8-4AC2-B1C3-8B8F2C679B62}.Release|Any CPU.ActiveCfg = Release|Any CPU
		{F5CCECF0-9CB8-4AC2-B1C3-8B8F2C679B62}.Release|Any CPU.Build.0 = Release|Any CPU
		{F5CCECF0-9CB8-4AC2-B1C3-8B8F2C679B62}.Release|x64.ActiveCfg = Release|Any CPU
		{F5CCECF0-9CB8-4AC2-B1C3-8B8F2C679B62}.Release|x64.Build.0 = Release|Any CPU
		{F5CCECF0-9CB8-4AC2-B1C3-8B8F2C679B62}.Release|x86.ActiveCfg = Release|Any CPU
		{F5CCECF0-9CB8-4AC2-B1C3-8B8F2C679B62}.Release|x86.Build.0 = Release|Any CPU
	EndGlobalSection
	GlobalSection(SolutionProperties) = preSolution
		HideSolutionNode = FALSE
	EndGlobalSection
	GlobalSection(ExtensibilityGlobals) = postSolution
		SolutionGuid = {7C9859B4-2EAC-45F3-B1E1-FF9F9CDA003B}
	EndGlobalSection
EndGlobal
